version = 1
revision = 1
requires-python = ">=3.12"

[[package]]
name = "bibexport"
version = "0.1.0"
source = { virtual = "." }
dependencies = [
    { name = "bibtexparser" },
    { name = "pylatexenc" },
]

[package.metadata]
requires-dist = [
    { name = "bibtexparser", specifier = ">=1.4.3" },
    { name = "pylatexenc", specifier = ">=2.10" },
]

[[package]]
name = "bibtexparser"
version = "1.4.3"
source = { registry = "https://pypi.org/simple" }
dependencies = [
    { name = "pyparsing" },
]
sdist = { url = "https://files.pythonhosted.org/packages/92/8d/e296c7af03757debd8fc80df2898cbed4fb69fc61ed2c9b4a1d42e923a9e/bibtexparser-1.4.3.tar.gz", hash = "sha256:a9c7ded64bc137720e4df0b1b7f12734edc1361185f1c9097048ff7c35af2b8f", size = 55582 }

[[package]]
name = "pylatexenc"
version = "2.10"
source = { registry = "https://pypi.org/simple" }
sdist = { url = "https://files.pythonhosted.org/packages/5d/ab/34ec41718af73c00119d0351b7a2531d2ebddb51833a36448fc7b862be60/pylatexenc-2.10.tar.gz", hash = "sha256:3dd8fd84eb46dc30bee1e23eaab8d8fb5a7f507347b23e5f38ad9675c84f40d3", size = 162597 }

[[package]]
name = "pyparsing"
version = "3.2.1"
source = { registry = "https://pypi.org/simple" }
sdist = { url = "https://files.pythonhosted.org/packages/8b/1a/3544f4f299a47911c2ab3710f534e52fea62a633c96806995da5d25be4b2/pyparsing-3.2.1.tar.gz", hash = "sha256:61980854fd66de3a90028d679a954d5f2623e83144b5afe5ee86f43d762e5f0a", size = 1067694 }
wheels = [
    { url = "https://files.pythonhosted.org/packages/1c/a7/c8a2d361bf89c0d9577c934ebb7421b25dc84bf3a8e3ac0a40aed9acc547/pyparsing-3.2.1-py3-none-any.whl", hash = "sha256:506ff4f4386c4cec0590ec19e6302d3aedb992fdc02c761e90416f158dacf8e1", size = 107716 },
]
